
Microsoft Visual Studio Solution File, Format Version 12.00
# Visual Studio Version 17
VisualStudioVersion = 17.6.33829.357
MinimumVisualStudioVersion = 10.0.40219.1
Project("{2150E333-8FDC-42A3-9474-1A3956D46DE8}") = "Services", "Services", "{E258ACCD-16E6-4771-882F-9E5C260A00E9}"
EndProject
Project("{2150E333-8FDC-42A3-9474-1A3956D46DE8}") = "Catalog", "Catalog", "{9B7DAB42-957A-4A9F-9127-8015FB94ECBC}"
EndProject
Project("{FAE04EC0-301F-11D3-BF4B-00C04F79EFBC}") = "Catalog.API", "Services\Catalog\Catalog.API\Catalog.API.csproj", "{64923677-FD31-4FD2-8209-A51915F55503}"
EndProject
Project("{E53339B2-1760-4266-BCC7-CA923CBCF16C}") = "docker-compose", "docker-compose.dcproj", "{1923C251-A596-4747-A591-29C8B3DE18DA}"
EndProject
Global
	GlobalSection(SolutionConfigurationPlatforms) = preSolution
		Debug|Any CPU = Debug|Any CPU
		Release|Any CPU = Release|Any CPU
	EndGlobalSection
	GlobalSection(ProjectConfigurationPlatforms) = postSolution
		{64923677-FD31-4FD2-8209-A51915F55503}.Debug|Any CPU.ActiveCfg = Debug|Any CPU
		{64923677-FD31-4FD2-8209-A51915F55503}.Debug|Any CPU.Build.0 = Debug|Any CPU
		{64923677-FD31-4FD2-8209-A51915F55503}.Release|Any CPU.ActiveCfg = Release|Any CPU
		{64923677-FD31-4FD2-8209-A51915F55503}.Release|Any CPU.Build.0 = Release|Any CPU
		{1923C251-A596-4747-A591-29C8B3DE18DA}.Debug|Any CPU.ActiveCfg = Debug|Any CPU
		{1923C251-A596-4747-A591-29C8B3DE18DA}.Debug|Any CPU.Build.0 = Debug|Any CPU
		{1923C251-A596-4747-A591-29C8B3DE18DA}.Release|Any CPU.ActiveCfg = Release|Any CPU
		{1923C251-A596-4747-A591-29C8B3DE18DA}.Release|Any CPU.Build.0 = Release|Any CPU
	EndGlobalSection
	GlobalSection(SolutionProperties) = preSolution
		HideSolutionNode = FALSE
	EndGlobalSection
	GlobalSection(NestedProjects) = preSolution
		{9B7DAB42-957A-4A9F-9127-8015FB94ECBC} = {E258ACCD-16E6-4771-882F-9E5C260A00E9}
		{64923677-FD31-4FD2-8209-A51915F55503} = {9B7DAB42-957A-4A9F-9127-8015FB94ECBC}
	EndGlobalSection
	GlobalSection(ExtensibilityGlobals) = postSolution
		SolutionGuid = {9C988EF7-9E46-4DE6-A6C9-6A50A6AFBF86}
	EndGlobalSection
EndGlobal
